github.com/bmizerany/assert v0.0.0-20160611221934-b7ed37b82869 h1:DDGfHa7BWjL4YnC6+E63dPcxHo2sUxDIu8g3QgEJdRY=
github.com/bmizerany/assert v0.0.0-20160611221934-b7ed37b82869/go.mod h1:Ekp36dRnpXw/yCqJaO+ZrUyxD+3VXMFFr56k5XYrpB4=
github.com/creack/pty v1.1.9/go.mod h1:oKZEueFk5CKHvIhNR5MUki03XCEU+Q6VDXinZuGJ33E=
github.com/drewlanenga/govector v0.0.0-20220726163947-b958ac08bc93 h1:2VXZHsypUG1HaQcj/+nQc5TbZ4qZ5FSl7KN4s1BjFQY=
github.com/drewlanenga/govector v0.0.0-20220726163947-b958ac08bc93/go.mod h1:AbP/uRrjZFATEwl0P2DHePteIMZRWHEJBWBmMmLdCkk=
github.com/kr/pretty v0.3.1 h1:flRD4NNwYAUpkphVc1HcthR4KEIFJ65n8Mw5qdRn3LE=
github.com/kr/pretty v0.3.1/go.mod h1:hoEshYVHaxMs3cyo3Yncou5ZscifuDolrwPKZanG3xk=
github.com/kr/text v0.2.0 h1:5Nx0Ya0ZqY2ygV366QzturHI13Jq95ApcVaJBhpS+AY=
github.com/kr/text v0.2.0/go.mod h1:eLer722TekiGuMkidMxC/pM04lWEeraHUUmBw8l2grE=
github.com/pkg/diff v0.0.0-20210226163009-20ebb0f2a09e/go.mod h1:pJLUxLENpZxwdsKMEsNbx1VGcRFpLqf3715MtcvvzbA=
github.com/rogpeppe/go-internal v1.9.0 h1:73kH8U+JUqXU8lRuOHeVHaa/SZPifC7BkcraZVejAe8=
github.com/rogpeppe/go-internal v1.9.0/go.mod h1:WtVeX8xhTBvf0smdhujwtBcq4Qrzq/fJaraNFVN+nFs=
github.com/safetorun/PromptDefender/badwords v0.0.0-20231204191015-931fb010b80b h1:nkBPxqGL83+UdTsSXfd8mIx3bxIl+fVh92svnJXqCZs=
github.com/safetorun/PromptDefender/badwords v0.0.0-20231204191015-931fb010b80b/go.mod h1:plW+2/gdgv2rTO/+saDt18AuSht9G4ecUvjF7l68fFI=
github.com/safetorun/PromptDefender/embeddings v0.0.0-20231204191015-931fb010b80b h1:eSJdCFO98cVlW442sWpB2+S1K+a5MtB5DN/LdDYVgM8=
github.com/safetorun/PromptDefender/embeddings v0.0.0-20231204191015-931fb010b80b/go.mod h1:Ead2Lqb/JSWT9upS5Z8aG9Hq9/daLK7Q2yiiOlQynH4=
github.com/sashabaranov/go-openai v1.17.9 h1:QEoBiGKWW68W79YIfXWEFZ7l5cEgZBV4/Ow3uy+5hNY=
github.com/sashabaranov/go-openai v1.17.9/go.mod h1:lj5b/K+zjTSFxVLijLSTDZuP7adOgerWeFyZLUhAKRg=
